
Microsoft Visual Studio Solution File, Format Version 12.00
Project("{FAE04EC0-301F-11D3-BF4B-00C04F79EFBC}") = "Counter", "Counter\Counter.csproj", "{E9C3F24E-2510-427C-8D30-A62DAA3C9336}"
EndProject
Project("{FAE04EC0-301F-11D3-BF4B-00C04F79EFBC}") = "Caller", "Caller\Caller.csproj", "{ABADD70D-E47F-47E5-B96B-798C07517CC3}"
EndProject
Global
	GlobalSection(SolutionConfigurationPlatforms) = preSolution
		Debug|Any CPU = Debug|Any CPU
		Release|Any CPU = Release|Any CPU
	EndGlobalSection
	GlobalSection(ProjectConfigurationPlatforms) = postSolution
		{E9C3F24E-2510-427C-8D30-A62DAA3C9336}.Debug|Any CPU.ActiveCfg = Debug|Any CPU
		{E9C3F24E-2510-427C-8D30-A62DAA3C9336}.Debug|Any CPU.Build.0 = Debug|Any CPU
		{E9C3F24E-2510-427C-8D30-A62DAA3C9336}.Release|Any CPU.ActiveCfg = Release|Any CPU
		{E9C3F24E-2510-427C-8D30-A62DAA3C9336}.Release|Any CPU.Build.0 = Release|Any CPU
		{ABADD70D-E47F-47E5-B96B-798C07517CC3}.Debug|Any CPU.ActiveCfg = Debug|Any CPU
		{ABADD70D-E47F-47E5-B96B-798C07517CC3}.Debug|Any CPU.Build.0 = Debug|Any CPU
		{ABADD70D-E47F-47E5-B96B-798C07517CC3}.Release|Any CPU.ActiveCfg = Release|Any CPU
		{ABADD70D-E47F-47E5-B96B-798C07517CC3}.Release|Any CPU.Build.0 = Release|Any CPU
	EndGlobalSection
EndGlobal
